PODS:
  - Masonry (1.1.0)
  - SwiftyMasonry (0.1.3):
    - Masonry

DEPENDENCIES:
  - Masonry
  - SwiftyMasonry (from `../`)

SPEC REPOS:
  https://github.com/cocoapods/specs.git:
    - Masonry

EXTERNAL SOURCES:
  SwiftyMasonry:
    :path: "../"

SPEC CHECKSUMS:
  Masonry: 678fab65091a9290e40e2832a55e7ab731aad201
  SwiftyMasonry: 41040226d3044e87a1e37f488d74495ebbcc838c

PODFILE CHECKSUM: a0bafde40d2398fbcd09c024889acc9b562d4492

COCOAPODS: 1.6.0.beta.1
